
Microsoft Visual Studio Solution File, Format Version 12.00
# Visual Studio 15
VisualStudioVersion = 15.0.28307.271
MinimumVisualStudioVersion = 10.0.40219.1
Project("{FAE04EC0-301F-11D3-BF4B-00C04F79EFBC}") = "iPipelineCSDHelperTool", "iPipelineCSDHelperTool\iPipelineCSDHelperTool.csproj", "{62767F7F-6E43-4A1A-ABE2-0C20E866AB20}"
EndProject
Project("{FAE04EC0-301F-11D3-BF4B-00C04F79EFBC}") = "Helper", "Helper\Helper.csproj", "{11777260-2B88-4749-8C8C-30F8B371CBC3}"
EndProject
Global
	GlobalSection(SolutionConfigurationPlatforms) = preSolution
		Debug|Any CPU = Debug|Any CPU
		Release|Any CPU = Release|Any CPU
	EndGlobalSection
	GlobalSection(ProjectConfigurationPlatforms) = postSolution
		{62767F7F-6E43-4A1A-ABE2-0C20E866AB20}.Debug|Any CPU.ActiveCfg = Debug|Any CPU
		{62767F7F-6E43-4A1A-ABE2-0C20E866AB20}.Debug|Any CPU.Build.0 = Debug|Any CPU
		{62767F7F-6E43-4A1A-ABE2-0C20E866AB20}.Release|Any CPU.ActiveCfg = Release|Any CPU
		{62767F7F-6E43-4A1A-ABE2-0C20E866AB20}.Release|Any CPU.Build.0 = Release|Any CPU
		{11777260-2B88-4749-8C8C-30F8B371CBC3}.Debug|Any CPU.ActiveCfg = Debug|Any CPU
		{11777260-2B88-4749-8C8C-30F8B371CBC3}.Debug|Any CPU.Build.0 = Debug|Any CPU
		{11777260-2B88-4749-8C8C-30F8B371CBC3}.Release|Any CPU.ActiveCfg = Release|Any CPU
		{11777260-2B88-4749-8C8C-30F8B371CBC3}.Release|Any CPU.Build.0 = Release|Any CPU
	EndGlobalSection
	GlobalSection(SolutionProperties) = preSolution
		HideSolutionNode = FALSE
	EndGlobalSection
	GlobalSection(ExtensibilityGlobals) = postSolution
		SolutionGuid = {C3748FE8-404A-45D9-9BF2-60A04EF3CAD5}
	EndGlobalSection
EndGlobal
